{
    "_readme": [
        "This file locks the dependencies of your project to a known state",
        "Read more about it at https://getcomposer.org/doc/01-basic-usage.md#installing-dependencies",
        "This file is @generated automatically"
    ],
    "content-hash": "9c1fb32638bc92a9e792d5e54fea44cd",
    "packages": [
        {
            "name": "luracast/restler",
            "version": "3.1.1",
            "source": {
                "type": "git",
                "url": "https://github.com/Luracast/Restler.git",
                "reference": "9dae9a4690e9e5d1b03fa33c7a22bb8390fbb326"
            },
            "dist": {
                "type": "zip",
                "url": "https://api.github.com/repos/Luracast/Restler/zipball/9dae9a4690e9e5d1b03fa33c7a22bb8390fbb326",
                "reference": "9dae9a4690e9e5d1b03fa33c7a22bb8390fbb326",
                "shasum": ""
            },
            "require": {
                "ext-json": "*",
                "php": ">=5.4"
            },
            "conflict": {
                "restler/framework": "3.*"
            },
            "require-dev": {
                "behat/behat": "^3.8@dev",
                "bshaffer/oauth2-server-php": "dev-master",
                "ext-libxml": "*",
                "guzzlehttp/guzzle": "^7.0@dev",
                "illuminate/view": "^8",
                "mustache/mustache": "dev-master",
                "rize/uri-template": "dev-master",
                "twig/twig": "^3"
            },
            "suggest": {
                "behat/behat": "Behaviour driven development testing framework (see require-dev for details)",
                "bshaffer/oauth2-server-php": "If you want to use OAuth2 for authentication",
                "guzzle/guzzle": "RESTful api HTTP client framework (see require-dev for details)",
                "illuminate/view": "If you want to use laravel blade templates with Html format",
                "mustache/mustache": "If you want to use mustache/handlebar templates with Html format",
                "rodneyrehm/plist": "If you need Apple plist binary/xml format",
                "symfony/yaml": "If you need YAML format",
                "twig/twig": "If you want to use twig templates with Html format",
                "zendframework/zendamf": "If you need AMF format"
            },
            "type": "library",
            "extra": {
                "branch-alias": {
                    "v3": "v3.0.x-dev"
                }
            },
            "autoload": {
                "psr-4": {
                    "Luracast\\Restler\\": "vendor/Luracast/Restler"
                }
            },
            "notification-url": "https://packagist.org/downloads/",
            "license": [
                "LGPL-2.1"
            ],
            "authors": [
                {
                    "name": "Luracast",
                    "email": "arul@luracast.com"
                }
            ],
            "description": "Restler is a simple and effective multi-format Web API Server framework written in PHP. Just deal with your business logic in php, Restler will take care of the REST!",
            "homepage": "http://luracast.com/products/restler/",
            "keywords": [
                "api",
                "framework",
                "rest",
                "server"
            ],
            "support": {
                "issues": "https://github.com/Luracast/Restler/issues",
                "source": "https://github.com/Luracast/Restler/tree/3.1.1"
            },
            "time": "2020-12-10T07:41:19+00:00"
        },
        {
            "name": "nette/finder",
            "version": "v2.5.2",
            "source": {
                "type": "git",
                "url": "https://github.com/nette/finder.git",
                "reference": "4ad2c298eb8c687dd0e74ae84206a4186eeaed50"
            },
            "dist": {
                "type": "zip",
                "url": "https://api.github.com/repos/nette/finder/zipball/4ad2c298eb8c687dd0e74ae84206a4186eeaed50",
                "reference": "4ad2c298eb8c687dd0e74ae84206a4186eeaed50",
                "shasum": ""
            },
            "require": {
                "nette/utils": "^2.4 || ^3.0",
                "php": ">=7.1"
            },
            "conflict": {
                "nette/nette": "<2.2"
            },
            "require-dev": {
                "nette/tester": "^2.0",
                "phpstan/phpstan": "^0.12",
                "tracy/tracy": "^2.3"
            },
            "type": "library",
            "extra": {
                "branch-alias": {
                    "dev-master": "2.5-dev"
                }
            },
            "autoload": {
                "classmap": [
                    "src/"
                ]
            },
            "notification-url": "https://packagist.org/downloads/",
            "license": [
                "BSD-3-Clause",
                "GPL-2.0",
                "GPL-3.0"
            ],
            "authors": [
                {
                    "name": "David Grudl",
                    "homepage": "https://davidgrudl.com"
                },
                {
                    "name": "Nette Community",
                    "homepage": "https://nette.org/contributors"
                }
            ],
            "description": "🔍 Nette Finder: find files and directories with an intuitive API.",
            "homepage": "https://nette.org",
            "keywords": [
                "filesystem",
                "glob",
                "iterator",
                "nette"
            ],
            "support": {
                "issues": "https://github.com/nette/finder/issues",
                "source": "https://github.com/nette/finder/tree/v2.5.2"
            },
            "time": "2020-01-03T20:35:40+00:00"
        },
        {
            "name": "nette/robot-loader",
            "version": "v3.4.0",
            "source": {
                "type": "git",
                "url": "https://github.com/nette/robot-loader.git",
                "reference": "3973cf3970d1de7b30888fd10b92dac9e0c2fd82"
            },
            "dist": {
                "type": "zip",
                "url": "https://api.github.com/repos/nette/robot-loader/zipball/3973cf3970d1de7b30888fd10b92dac9e0c2fd82",
                "reference": "3973cf3970d1de7b30888fd10b92dac9e0c2fd82",
                "shasum": ""
            },
            "require": {
                "ext-tokenizer": "*",
                "nette/finder": "^2.5 || ^3.0",
                "nette/utils": "^3.0",
                "php": ">=7.1"
            },
            "require-dev": {
                "nette/tester": "^2.0",
                "phpstan/phpstan": "^0.12",
                "tracy/tracy": "^2.3"
            },
            "type": "library",
            "extra": {
                "branch-alias": {
                    "dev-master": "3.4-dev"
                }
            },
            "autoload": {
                "classmap": [
                    "src/"
                ]
            },
            "notification-url": "https://packagist.org/downloads/",
            "license": [
                "BSD-3-Clause",
                "GPL-2.0-only",
                "GPL-3.0-only"
            ],
            "authors": [
                {
                    "name": "David Grudl",
                    "homepage": "https://davidgrudl.com"
                },
                {
                    "name": "Nette Community",
                    "homepage": "https://nette.org/contributors"
                }
            ],
            "description": "🍀 Nette RobotLoader: high performance and comfortable autoloader that will search and autoload classes within your application.",
            "homepage": "https://nette.org",
            "keywords": [
                "autoload",
                "class",
                "interface",
                "nette",
                "trait"
            ],
            "support": {
                "issues": "https://github.com/nette/robot-loader/issues",
                "source": "https://github.com/nette/robot-loader/tree/v3.4.0"
            },
            "time": "2021-03-07T15:12:01+00:00"
        },
        {
            "name": "nette/utils",
            "version": "v3.2.2",
            "source": {
                "type": "git",
                "url": "https://github.com/nette/utils.git",
                "reference": "967cfc4f9a1acd5f1058d76715a424c53343c20c"
            },
            "dist": {
                "type": "zip",
                "url": "https://api.github.com/repos/nette/utils/zipball/967cfc4f9a1acd5f1058d76715a424c53343c20c",
                "reference": "967cfc4f9a1acd5f1058d76715a424c53343c20c",
                "shasum": ""
            },
            "require": {
                "php": ">=7.2 <8.1"
            },
            "conflict": {
                "nette/di": "<3.0.6"
            },
            "require-dev": {
                "nette/tester": "~2.0",
                "phpstan/phpstan": "^0.12",
                "tracy/tracy": "^2.3"
            },
            "suggest": {
                "ext-gd": "to use Image",
                "ext-iconv": "to use Strings::webalize(), toAscii(), chr() and reverse()",
                "ext-intl": "to use Strings::webalize(), toAscii(), normalize() and compare()",
                "ext-json": "to use Nette\\Utils\\Json",
                "ext-mbstring": "to use Strings::lower() etc...",
                "ext-tokenizer": "to use Nette\\Utils\\Reflection::getUseStatements()",
                "ext-xml": "to use Strings::length() etc. when mbstring is not available"
            },
            "type": "library",
            "extra": {
                "branch-alias": {
                    "dev-master": "3.2-dev"
                }
            },
            "autoload": {
                "classmap": [
                    "src/"
                ]
            },
            "notification-url": "https://packagist.org/downloads/",
            "license": [
                "BSD-3-Clause",
                "GPL-2.0-only",
                "GPL-3.0-only"
            ],
            "authors": [
                {
                    "name": "David Grudl",
                    "homepage": "https://davidgrudl.com"
                },
                {
                    "name": "Nette Community",
                    "homepage": "https://nette.org/contributors"
                }
            ],
            "description": "🛠  Nette Utils: lightweight utilities for string & array manipulation, image handling, safe JSON encoding/decoding, validation, slug or strong password generating etc.",
            "homepage": "https://nette.org",
            "keywords": [
                "array",
                "core",
                "datetime",
                "images",
                "json",
                "nette",
                "paginator",
                "password",
                "slugify",
                "string",
                "unicode",
                "utf-8",
                "utility",
                "validation"
            ],
            "support": {
                "issues": "https://github.com/nette/utils/issues",
                "source": "https://github.com/nette/utils/tree/v3.2.2"
            },
            "time": "2021-03-03T22:53:25+00:00"
        },
        {
            "name": "tinymce/tinymce",
            "version": "5.4.1",
            "source": {
                "type": "git",
                "url": "https://github.com/tinymce/tinymce-dist.git",
                "reference": "940fdcfa7aa2ade09a1ec916dadeee01baa7787a"
            },
            "dist": {
                "type": "zip",
                "url": "https://api.github.com/repos/tinymce/tinymce-dist/zipball/940fdcfa7aa2ade09a1ec916dadeee01baa7787a",
                "reference": "940fdcfa7aa2ade09a1ec916dadeee01baa7787a",
                "shasum": ""
            },
            "type": "component",
            "extra": {
                "component": {
                    "scripts": [
                        "tinymce.js",
                        "plugins/*/plugin.js",
                        "themes/*/theme.js",
                        "themes/*/icons.js"
                    ],
                    "files": [
                        "tinymce.min.js",
                        "plugins/*/plugin.min.js",
                        "themes/*/theme.min.js",
                        "skins/**",
                        "icons/*/icons.min.js"
                    ]
                }
            },
            "notification-url": "https://packagist.org/downloads/",
            "license": [
                "LGPL-2.1-only"
            ],
            "description": "Web based JavaScript HTML WYSIWYG editor control.",
            "homepage": "http://www.tinymce.com",
            "keywords": [
                "editor",
                "html",
                "javascript",
                "richtext",
                "tinymce",
                "wysiwyg"
            ],
            "time": "2020-07-08T04:08:07+00:00"
        },
        {
            "name": "twbs/bootstrap",
            "version": "v4.5.3",
            "source": {
                "type": "git",
                "url": "https://github.com/twbs/bootstrap.git",
                "reference": "a716fb03f965dc0846df479e14388b1b4b93d7ce"
            },
            "dist": {
                "type": "zip",
                "url": "https://api.github.com/repos/twbs/bootstrap/zipball/a716fb03f965dc0846df479e14388b1b4b93d7ce",
                "reference": "a716fb03f965dc0846df479e14388b1b4b93d7ce",
                "shasum": ""
            },
            "replace": {
                "twitter/bootstrap": "self.version"
            },
            "type": "library",
            "extra": {
                "branch-alias": {
                    "dev-master": "3.3.x-dev"
                }
            },
            "notification-url": "https://packagist.org/downloads/",
            "license": [
                "MIT"
            ],
            "authors": [
                {
                    "name": "Mark Otto",
                    "email": "markdotto@gmail.com"
                },
                {
                    "name": "Jacob Thornton",
                    "email": "jacobthornton@gmail.com"
                }
            ],
            "description": "The most popular front-end framework for developing responsive, mobile first projects on the web.",
            "homepage": "https://getbootstrap.com/",
            "keywords": [
                "JS",
                "css",
                "framework",
                "front-end",
                "mobile-first",
                "responsive",
                "sass",
                "web"
            ],
            "funding": [
                {
                    "url": "https://opencollective.com/bootstrap",
                    "type": "open_collective"
                }
            ],
            "time": "2020-10-13T15:38:30+00:00"
        }
    ],
    "packages-dev": [],
    "aliases": [],
    "minimum-stability": "stable",
    "stability-flags": [],
    "prefer-stable": false,
    "prefer-lowest": false,
    "platform": {
        "ext-mbstring": "*"
    },
    "platform-dev": [],
    "plugin-api-version": "2.0.0"
}
